
Microsoft Visual Studio Solution File, Format Version 12.00
# Visual Studio Version 17
VisualStudioVersion = 17.1.32421.90
MinimumVisualStudioVersion = 10.0.40219.1
Project("{FAE04EC0-301F-11D3-BF4B-00C04F79EFBC}") = "slurky", "slurky\slurky.csproj", "{304050C4-6B68-4012-BA65-D60CDC078A56}"
EndProject
Global
	GlobalSection(SolutionConfigurationPlatforms) = preSolution
		Debug|Any CPU = Debug|Any CPU
		Release|Any CPU = Release|Any CPU
	EndGlobalSection
	GlobalSection(ProjectConfigurationPlatforms) = postSolution
		{304050C4-6B68-4012-BA65-D60CDC078A56}.Debug|Any CPU.ActiveCfg = Debug|Any CPU
		{304050C4-6B68-4012-BA65-D60CDC078A56}.Debug|Any CPU.Build.0 = Debug|Any CPU
		{304050C4-6B68-4012-BA65-D60CDC078A56}.Release|Any CPU.ActiveCfg = Release|Any CPU
		{304050C4-6B68-4012-BA65-D60CDC078A56}.Release|Any CPU.Build.0 = Release|Any CPU
	EndGlobalSection
	GlobalSection(SolutionProperties) = preSolution
		HideSolutionNode = FALSE
	EndGlobalSection
	GlobalSection(ExtensibilityGlobals) = postSolution
		SolutionGuid = {FCE57A05-CF98-4009-ABB3-22E163178EB5}
	EndGlobalSection
EndGlobal
